// !$*UTF8*$!
{
	archiveVersion = 1;
	classes = {
	};
	objectVersion = 46;
	objects = {

/* Begin PBXBuildFile section */
		08471D1E19D0E63D00F03FEE /* AppDelegate.swift in Sources */ = {isa = PBXBuildFile; fileRef = 08471D1D19D0E63D00F03FEE /* AppDelegate.swift */; };
		08471D2119D0E63D00F03FEE /* Is_It_Prime.xcdatamodeld in Sources */ = {isa = PBXBuildFile; fileRef = 08471D1F19D0E63D00F03FEE /* Is_It_Prime.xcdatamodeld */; };
		08471D2319D0E63D00F03FEE /* ViewController.swift in Sources */ = {isa = PBXBuildFile; fileRef = 08471D2219D0E63D00F03FEE /* ViewController.swift */; };
		08471D2619D0E63D00F03FEE /* Main.storyboard in Resources */ = {isa = PBXBuildFile; fileRef = 08471D2419D0E63D00F03FEE /* Main.storyboard */; };
		08471D2819D0E63D00F03FEE /* Images.xcassets in Resources */ = {isa = PBXBuildFile; fileRef = 08471D2719D0E63D00F03FEE /* Images.xcassets */; };
		08471D3419D0E63D00F03FEE /* Is_It_PrimeTests.swift in Sources */ = {isa = PBXBuildFile; fileRef = 08471D3319D0E63D00F03FEE /* Is_It_PrimeTests.swift */; };
/* End PBXBuildFile section */

/* Begin PBXContainerItemProxy section */
		08471D2E19D0E63D00F03FEE /* PBXContainerItemProxy */ = {
			isa = PBXContainerItemProxy;
			containerPortal = 08471D1019D0E63D00F03FEE /* Project object */;
			proxyType = 1;
			remoteGlobalIDString = 08471D1719D0E63D00F03FEE;
			remoteInfo = "Is It Prime";
		};
/* End PBXContainerItemProxy section */

/* Begin PBXFileReference section */
		08471D1819D0E63D00F03FEE /* Is It Prime.app */ = {isa = PBXFileReference; explicitFileType = wrapper.application; includeInIndex = 0; path = "Is It Prime.app"; sourceTree = BUILT_PRODUCTS_DIR; };
		08471D1C19D0E63D00F03FEE /* Info.plist */ = {isa = PBXFileReference; lastKnownFileType = text.plist.xml; path = Info.plist; sourceTree = "<group>"; };
		08471D1D19D0E63D00F03FEE /* AppDelegate.swift */ = {isa = PBXFileReference; lastKnownFileType = sourcecode.swift; path = AppDelegate.swift; sourceTree = "<group>"; };
		08471D2019D0E63D00F03FEE /* Is_It_Prime.xcdatamodel */ = {isa = PBXFileReference; lastKnownFileType = wrapper.xcdatamodel; path = Is_It_Prime.xcdatamodel; sourceTree = "<group>"; };
		08471D2219D0E63D00F03FEE /* ViewController.swift */ = {isa = PBXFileReference; lastKnownFileType = sourcecode.swift; path = ViewController.swift; sourceTree = "<group>"; };
		08471D2519D0E63D00F03FEE /* Base */ = {isa = PBXFileReference; lastKnownFileType = file.storyboard; name = Base; path = Base.lproj/Main.storyboard; sourceTree = "<group>"; };
		08471D2719D0E63D00F03FEE /* Images.xcassets */ = {isa = PBXFileReference; lastKnownFileType = folder.assetcatalog; path = Images.xcassets; sourceTree = "<group>"; };
		08471D2D19D0E63D00F03FEE /* Is It PrimeTests.xctest */ = {isa = PBXFileReference; explicitFileType = wrapper.cfbundle; includeInIndex = 0; path = "Is It PrimeTests.xctest"; sourceTree = BUILT_PRODUCTS_DIR; };
		08471D3219D0E63D00F03FEE /* Info.plist */ = {isa = PBXFileReference; lastKnownFileType = text.plist.xml; path = Info.plist; sourceTree = "<group>"; };
		08471D3319D0E63D00F03FEE /* Is_It_PrimeTests.swift */ = {isa = PBXFileReference; lastKnownFileType = sourcecode.swift; path = Is_It_PrimeTests.swift; sourceTree = "<group>"; };
/* End PBXFileReference section */

/* Begin PBXFrameworksBuildPhase section */
		08471D1519D0E63D00F03FEE /* Frameworks */ = {
			isa = PBXFrameworksBuildPhase;
			buildActionMask = 2147483647;
			files = (
			);
			runOnlyForDeploymentPostprocessing = 0;
		};
		08471D2A19D0E63D00F03FEE /* Frameworks */ = {
			isa = PBXFrameworksBuildPhase;
			buildActionMask = 2147483647;
			files = (
			);
			runOnlyForDeploymentPostprocessing = 0;
		};
/* End PBXFrameworksBuildPhase section */

/* Begin PBXGroup section */
		08471D0F19D0E63D00F03FEE = {
			isa = PBXGroup;
			children = (
				08471D1A19D0E63D00F03FEE /* Is It Prime */,
				08471D3019D0E63D00F03FEE /* Is It PrimeTests */,
				08471D1919D0E63D00F03FEE /* Products */,
			);
			sourceTree = "<group>";
		};
		08471D1919D0E63D00F03FEE /* Products */ = {
			isa = PBXGroup;
			children = (
				08471D1819D0E63D00F03FEE /* Is It Prime.app */,
				08471D2D19D0E63D00F03FEE /* Is It PrimeTests.xctest */,
			);
			name = Products;
			sourceTree = "<group>";
		};
		08471D1A19D0E63D00F03FEE /* Is It Prime */ = {
			isa = PBXGroup;
			children = (
				08471D1D19D0E63D00F03FEE /* AppDelegate.swift */,
				08471D2219D0E63D00F03FEE /* ViewController.swift */,
				08471D2419D0E63D00F03FEE /* Main.storyboard */,
				08471D2719D0E63D00F03FEE /* Images.xcassets */,
				08471D1F19D0E63D00F03FEE /* Is_It_Prime.xcdatamodeld */,
				08471D1B19D0E63D00F03FEE /* Supporting Files */,
			);
			path = "Is It Prime";
			sourceTree = "<group>";
		};
		08471D1B19D0E63D00F03FEE /* Supporting Files */ = {
			isa = PBXGroup;
			children = (
				08471D1C19D0E63D00F03FEE /* Info.plist */,
			);
			name = "Supporting Files";
			sourceTree = "<group>";
		};
		08471D3019D0E63D00F03FEE /* Is It PrimeTests */ = {
			isa = PBXGroup;
			children = (
				08471D3319D0E63D00F03FEE /* Is_It_PrimeTests.swift */,
				08471D3119D0E63D00F03FEE /* Supporting Files */,
			);
			path = "Is It PrimeTests";
			sourceTree = "<group>";
		};
		08471D3119D0E63D00F03FEE /* Supporting Files */ = {
			isa = PBXGroup;
			children = (
				08471D3219D0E63D00F03FEE /* Info.plist */,
			);
			name = "Supporting Files";
			sourceTree = "<group>";
		};
/* End PBXGroup section */

/* Begin PBXNativeTarget section */
		08471D1719D0E63D00F03FEE /* Is It Prime */ = {
			isa = PBXNativeTarget;
			buildConfigurationList = 08471D3719D0E63D00F03FEE /* Build configuration list for PBXNativeTarget "Is It Prime" */;
			buildPhases = (
				08471D1419D0E63D00F03FEE /* Sources */,
				08471D1519D0E63D00F03FEE /* Frameworks */,
				08471D1619D0E63D00F03FEE /* Resources */,
			);
			buildRules = (
			);
			dependencies = (
			);
			name = "Is It Prime";
			productName = "Is It Prime";
			productReference = 08471D1819D0E63D00F03FEE /* Is It Prime.app */;
			productType = "com.apple.product-type.application";
		};
		08471D2C19D0E63D00F03FEE /* Is It PrimeTests */ = {
			isa = PBXNativeTarget;
			buildConfigurationList = 08471D3A19D0E63D00F03FEE /* Build configuration list for PBXNativeTarget "Is It PrimeTests" */;
			buildPhases = (
				08471D2919D0E63D00F03FEE /* Sources */,
				08471D2A19D0E63D00F03FEE /* Frameworks */,
				08471D2B19D0E63D00F03FEE /* Resources */,
			);
			buildRules = (
			);
			dependencies = (
				08471D2F19D0E63D00F03FEE /* PBXTargetDependency */,
			);
			name = "Is It PrimeTests";
			productName = "Is It PrimeTests";
			productReference = 08471D2D19D0E63D00F03FEE /* Is It PrimeTests.xctest */;
			productType = "com.apple.product-type.bundle.unit-test";
		};
/* End PBXNativeTarget section */

/* Begin PBXProject section */
		08471D1019D0E63D00F03FEE /* Project object */ = {
			isa = PBXProject;
			attributes = {
				LastUpgradeCheck = 0600;
				ORGANIZATIONNAME = "Mat Sletten";
				TargetAttributes = {
					08471D1719D0E63D00F03FEE = {
						CreatedOnToolsVersion = 6.0;
					};
					08471D2C19D0E63D00F03FEE = {
						CreatedOnToolsVersion = 6.0;
						TestTargetID = 08471D1719D0E63D00F03FEE;
					};
				};
			};
			buildConfigurationList = 08471D1319D0E63D00F03FEE /* Build configuration list for PBXProject "Is It Prime" */;
			compatibilityVersion = "Xcode 3.2";
			developmentRegion = English;
			hasScannedForEncodings = 0;
			knownRegions = (
				en,
				Base,
			);
			mainGroup = 08471D0F19D0E63D00F03FEE;
			productRefGroup = 08471D1919D0E63D00F03FEE /* Products */;
			projectDirPath = "";
			projectRoot = "";
			targets = (
				08471D1719D0E63D00F03FEE /* Is It Prime */,
				08471D2C19D0E63D00F03FEE /* Is It PrimeTests */,
			);
		};
/* End PBXProject section */

/* Begin PBXResourcesBuildPhase section */
		08471D1619D0E63D00F03FEE /* Resources */ = {
			isa = PBXResourcesBuildPhase;
			buildActionMask = 2147483647;
			files = (
				08471D2619D0E63D00F03FEE /* Main.storyboard in Resources */,
				08471D2819D0E63D00F03FEE /* Images.xcassets in Resources */,
			);
			runOnlyForDeploymentPostprocessing = 0;
		};
		08471D2B19D0E63D00F03FEE /* Resources */ = {
			isa = PBXResourcesBuildPhase;
			buildActionMask = 2147483647;
			files = (
			);
			runOnlyForDeploymentPostprocessing = 0;
		};
/* End PBXResourcesBuildPhase section */

/* Begin PBXSourcesBuildPhase section */
		08471D1419D0E63D00F03FEE /* Sources */ = {
			isa = PBXSourcesBuildPhase;
			buildActionMask = 2147483647;
			files = (
				08471D2319D0E63D00F03FEE /* ViewController.swift in Sources */,
				08471D2119D0E63D00F03FEE /* Is_It_Prime.xcdatamodeld in Sources */,
				08471D1E19D0E63D00F03FEE /* AppDelegate.swift in Sources */,
			);
			runOnlyForDeploymentPostprocessing = 0;
		};
		08471D2919D0E63D00F03FEE /* Sources */ = {
			isa = PBXSourcesBuildPhase;
			buildActionMask = 2147483647;
			files = (
				08471D3419D0E63D00F03FEE /* Is_It_PrimeTests.swift in Sources */,
			);
			runOnlyForDeploymentPostprocessing = 0;
		};
/* End PBXSourcesBuildPhase section */

/* Begin PBXTargetDependency section */
		08471D2F19D0E63D00F03FEE /* PBXTargetDependency */ = {
			isa = PBXTargetDependency;
			target = 08471D1719D0E63D00F03FEE /* Is It Prime */;
			targetProxy = 08471D2E19D0E63D00F03FEE /* PBXContainerItemProxy */;
		};
/* End PBXTargetDependency section */

/* Begin PBXVariantGroup section */
		08471D2419D0E63D00F03FEE /* Main.storyboard */ = {
			isa = PBXVariantGroup;
			children = (
				08471D2519D0E63D00F03FEE /* Base */,
			);
			name = Main.storyboard;
			sourceTree = "<group>";
		};
/* End PBXVariantGroup section */

/* Begin XCBuildConfiguration section */
		08471D3519D0E63D00F03FEE /* Debug */ = {
			isa = XCBuildConfiguration;
			buildSettings = {
				ALWAYS_SEARCH_USER_PATHS = NO;
				CLANG_CXX_LANGUAGE_STANDARD = "gnu++0x";
				CLANG_CXX_LIBRARY = "libc++";
				CLANG_ENABLE_MODULES = YES;
				CLANG_ENABLE_OBJC_ARC = YES;
				CLANG_WARN_BOOL_CONVERSION = YES;
				CLANG_WARN_CONSTANT_CONVERSION = YES;
				CLANG_WARN_DIRECT_OBJC_ISA_USAGE = YES_ERROR;
				CLANG_WARN_EMPTY_BODY = YES;
				CLANG_WARN_ENUM_CONVERSION = YES;
				CLANG_WARN_INT_CONVERSION = YES;
				CLANG_WARN_OBJC_ROOT_CLASS = YES_ERROR;
				CLANG_WARN_UNREACHABLE_CODE = YES;
				CLANG_WARN__DUPLICATE_METHOD_MATCH = YES;
				"CODE_SIGN_IDENTITY[sdk=iphoneos*]" = "iPhone Developer";
				COPY_PHASE_STRIP = NO;
				ENABLE_STRICT_OBJC_MSGSEND = YES;
				GCC_C_LANGUAGE_STANDARD = gnu99;
				GCC_DYNAMIC_NO_PIC = NO;
				GCC_OPTIMIZATION_LEVEL = 0;
				GCC_PREPROCESSOR_DEFINITIONS = (
					"DEBUG=1",
					"$(inherited)",
				);
				GCC_SYMBOLS_PRIVATE_EXTERN = NO;
				GCC_WARN_64_TO_32_BIT_CONVERSION = YES;
				GCC_WARN_ABOUT_RETURN_TYPE = YES_ERROR;
				GCC_WARN_UNDECLARED_SELECTOR = YES;
				GCC_WARN_UNINITIALIZED_AUTOS = YES_AGGRESSIVE;
				GCC_WARN_UNUSED_FUNCTION = YES;
				GCC_WARN_UNUSED_VARIABLE = YES;
				IPHONEOS_DEPLOYMENT_TARGET = 8.0;
				MTL_ENABLE_DEBUG_INFO = YES;
				ONLY_ACTIVE_ARCH = YES;
				SDKROOT = iphoneos;
				SWIFT_OPTIMIZATION_LEVEL = "-Onone";
			};
			name = Debug;
		};
		08471D3619D0E63D00F03FEE /* Release */ = {
			isa = XCBuildConfiguration;
			buildSettings = {
				ALWAYS_SEARCH_USER_PATHS = NO;
				CLANG_CXX_LANGUAGE_STANDARD = "gnu++0x";
				CLANG_CXX_LIBRARY = "libc++";
				CLANG_ENABLE_MODULES = YES;
				CLANG_ENABLE_OBJC_ARC = YES;
				CLANG_WARN_BOOL_CONVERSION = YES;
				CLANG_WARN_CONSTANT_CONVERSION = YES;
				CLANG_WARN_DIRECT_OBJC_ISA_USAGE = YES_ERROR;
				CLANG_WARN_EMPTY_BODY = YES;
				CLANG_WARN_ENUM_CONVERSION = YES;
				CLANG_WARN_INT_CONVERSION = YES;
				CLANG_WARN_OBJC_ROOT_CLASS = YES_ERROR;
				CLANG_WARN_UNREACHABLE_CODE = YES;
				CLANG_WARN__DUPLICATE_METHOD_MATCH = YES;
				"CODE_SIGN_IDENTITY[sdk=iphoneos*]" = "iPhone Developer";
				COPY_PHASE_STRIP = YES;
				ENABLE_NS_ASSERTIONS = NO;
				ENABLE_STRICT_OBJC_MSGSEND = YES;
				GCC_C_LANGUAGE_STANDARD = gnu99;
				GCC_WARN_64_TO_32_BIT_CONVERSION = YES;
				GCC_WARN_ABOUT_RETURN_TYPE = YES_ERROR;
				GCC_WARN_UNDECLARED_SELECTOR = YES;
				GCC_WARN_UNINITIALIZED_AUTOS = YES_AGGRESSIVE;
				GCC_WARN_UNUSED_FUNCTION = YES;
				GCC_WARN_UNUSED_VARIABLE = YES;
				IPHONEOS_DEPLOYMENT_TARGET = 8.0;
				MTL_ENABLE_DEBUG_INFO = NO;
				SDKROOT = iphoneos;
				VALIDATE_PRODUCT = YES;
			};
			name = Release;
		};
		08471D3819D0E63D00F03FEE /* Debug */ = {
			isa = XCBuildConfiguration;
			buildSettings = {
				ASSETCATALOG_COMPILER_APPICON_NAME = AppIcon;
				ASSETCATALOG_COMPILER_LAUNCHIMAGE_NAME = LaunchImage;
				INFOPLIST_FILE = "Is It Prime/Info.plist";
				LD_RUNPATH_SEARCH_PATHS = "$(inherited) @executable_path/Frameworks";
				PRODUCT_NAME = "$(TARGET_NAME)";
			};
			name = Debug;
		};
		08471D3919D0E63D00F03FEE /* Release */ = {
			isa = XCBuildConfiguration;
			buildSettings = {
				ASSETCATALOG_COMPILER_APPICON_NAME = AppIcon;
				ASSETCATALOG_COMPILER_LAUNCHIMAGE_NAME = LaunchImage;
				INFOPLIST_FILE = "Is It Prime/Info.plist";
				LD_RUNPATH_SEARCH_PATHS = "$(inherited) @executable_path/Frameworks";
				PRODUCT_NAME = "$(TARGET_NAME)";
			};
			name = Release;
		};
		08471D3B19D0E63D00F03FEE /* Debug */ = {
			isa = XCBuildConfiguration;
			buildSettings = {
				BUNDLE_LOADER = "$(TEST_HOST)";
				FRAMEWORK_SEARCH_PATHS = (
					"$(SDKROOT)/Developer/Library/Frameworks",
					"$(inherited)",
				);
				GCC_PREPROCESSOR_DEFINITIONS = (
					"DEBUG=1",
					"$(inherited)",
				);
				INFOPLIST_FILE = "Is It PrimeTests/Info.plist";
				LD_RUNPATH_SEARCH_PATHS = "$(inherited) @executable_path/Frameworks @loader_path/Frameworks";
				PRODUCT_NAME = "$(TARGET_NAME)";
				TEST_HOST = "$(BUILT_PRODUCTS_DIR)/Is It Prime.app/Is It Prime";
			};
			name = Debug;
		};
		08471D3C19D0E63D00F03FEE /* Release */ = {
			isa = XCBuildConfiguration;
			buildSettings = {
				BUNDLE_LOADER = "$(TEST_HOST)";
				FRAMEWORK_SEARCH_PATHS = (
					"$(SDKROOT)/Developer/Library/Frameworks",
					"$(inherited)",
				);
				INFOPLIST_FILE = "Is It PrimeTests/Info.plist";
				LD_RUNPATH_SEARCH_PATHS = "$(inherited) @executable_path/Frameworks @loader_path/Frameworks";
				PRODUCT_NAME = "$(TARGET_NAME)";
				TEST_HOST = "$(BUILT_PRODUCTS_DIR)/Is It Prime.app/Is It Prime";
			};
			name = Release;
		};
/* End XCBuildConfiguration section */

/* Begin XCConfigurationList section */
		08471D1319D0E63D00F03FEE /* Build configuration list for PBXProject "Is It Prime" */ = {
			isa = XCConfigurationList;
			buildConfigurations = (
				08471D3519D0E63D00F03FEE /* Debug */,
				08471D3619D0E63D00F03FEE /* Release */,
			);
			defaultConfigurationIsVisible = 0;
			defaultConfigurationName = Release;
		};
		08471D3719D0E63D00F03FEE /* Build configuration list for PBXNativeTarget "Is It Prime" */ = {
			isa = XCConfigurationList;
			buildConfigurations = (
				08471D3819D0E63D00F03FEE /* Debug */,
				08471D3919D0E63D00F03FEE /* Release */,
			);
			defaultConfigurationIsVisible = 0;
		};
		08471D3A19D0E63D00F03FEE /* Build configuration list for PBXNativeTarget "Is It PrimeTests" */ = {
			isa = XCConfigurationList;
			buildConfigurations = (
				08471D3B19D0E63D00F03FEE /* Debug */,
				08471D3C19D0E63D00F03FEE /* Release */,
			);
			defaultConfigurationIsVisible = 0;
		};
/* End XCConfigurationList section */

/* Begin XCVersionGroup section */
		08471D1F19D0E63D00F03FEE /* Is_It_Prime.xcdatamodeld */ = {
			isa = XCVersionGroup;
			children = (
				08471D2019D0E63D00F03FEE /* Is_It_Prime.xcdatamodel */,
			);
			currentVersion = 08471D2019D0E63D00F03FEE /* Is_It_Prime.xcdatamodel */;
			path = Is_It_Prime.xcdatamodeld;
			sourceTree = "<group>";
			versionGroupType = wrapper.xcdatamodel;
		};
/* End XCVersionGroup section */
	};
	rootObject = 08471D1019D0E63D00F03FEE /* Project object */;
}
